
Microsoft Visual Studio Solution File, Format Version 12.00
# Visual Studio Version 17
VisualStudioVersion = 17.8.34322.80
MinimumVisualStudioVersion = 10.0.40219.1
Project("{FAE04EC0-301F-11D3-BF4B-00C04F79EFBC}") = "AdminApp", "AdminApp\AdminApp.csproj", "{FA5F713E-1275-45D4-AECE-E7E40A89B522}"
EndProject
Global
	GlobalSection(SolutionConfigurationPlatforms) = preSolution
		Debug|Any CPU = Debug|Any CPU
		Release|Any CPU = Release|Any CPU
	EndGlobalSection
	GlobalSection(ProjectConfigurationPlatforms) = postSolution
		{FA5F713E-1275-45D4-AECE-E7E40A89B522}.Debug|Any CPU.ActiveCfg = Debug|Any CPU
		{FA5F713E-1275-45D4-AECE-E7E40A89B522}.Debug|Any CPU.Build.0 = Debug|Any CPU
		{FA5F713E-1275-45D4-AECE-E7E40A89B522}.Release|Any CPU.ActiveCfg = Release|Any CPU
		{FA5F713E-1275-45D4-AECE-E7E40A89B522}.Release|Any CPU.Build.0 = Release|Any CPU
	EndGlobalSection
	GlobalSection(SolutionProperties) = preSolution
		HideSolutionNode = FALSE
	EndGlobalSection
	GlobalSection(ExtensibilityGlobals) = postSolution
		SolutionGuid = {0C367A31-656F-4378-BDF1-2784BC0BBC09}
	EndGlobalSection
EndGlobal
